
Microsoft Visual Studio Solution File, Format Version 12.00
# Visual Studio Version 17
VisualStudioVersion = 17.6.33815.320
MinimumVisualStudioVersion = 10.0.40219.1
Project("{FAE04EC0-301F-11D3-BF4B-00C04F79EFBC}") = "LayoutWPF(StackPanel)", "LayoutWPF(StackPanel)\LayoutWPF(StackPanel).csproj", "{A1B704ED-F208-40DD-BC0F-95A1E4D190B4}"
EndProject
Global
	GlobalSection(SolutionConfigurationPlatforms) = preSolution
		Debug|Any CPU = Debug|Any CPU
		Release|Any CPU = Release|Any CPU
	EndGlobalSection
	GlobalSection(ProjectConfigurationPlatforms) = postSolution
		{A1B704ED-F208-40DD-BC0F-95A1E4D190B4}.Debug|Any CPU.ActiveCfg = Debug|Any CPU
		{A1B704ED-F208-40DD-BC0F-95A1E4D190B4}.Debug|Any CPU.Build.0 = Debug|Any CPU
		{A1B704ED-F208-40DD-BC0F-95A1E4D190B4}.Release|Any CPU.ActiveCfg = Release|Any CPU
		{A1B704ED-F208-40DD-BC0F-95A1E4D190B4}.Release|Any CPU.Build.0 = Release|Any CPU
	EndGlobalSection
	GlobalSection(SolutionProperties) = preSolution
		HideSolutionNode = FALSE
	EndGlobalSection
	GlobalSection(ExtensibilityGlobals) = postSolution
		SolutionGuid = {2A53A494-596F-4114-B191-398AD65C8BF7}
	EndGlobalSection
EndGlobal
